{
    "name": "jlpt-n5-word-list",
    "lockfileVersion": 3,
    "requires": true,
    "packages": {
        "": {
            "dependencies": {
                "@9elt/miniframe": "^0.8.4"
            }
        },
        "node_modules/@9elt/miniframe": {
            "version": "0.8.4",
            "resolved": "https://registry.npmjs.org/@9elt/miniframe/-/miniframe-0.8.4.tgz",
            "integrity": "sha512-NGr5UZXKECARaRLdjyv3bW0W6uOJeksWmbFWAKulouHob94/xJLJIufxtSxySWkcMPwojggpF/NZThDps0tuDg==",
            "license": "MIT"
        }
    }
}
